
Microsoft Visual Studio Solution File, Format Version 12.00
# Visual Studio Version 17
VisualStudioVersion = 17.11.35219.272
MinimumVisualStudioVersion = 10.0.40219.1
Project("{FAE04EC0-301F-11D3-BF4B-00C04F79EFBC}") = "FootballGameAssignment", "FootballGameAssignment.csproj", "{55A086B6-79EA-4717-94DD-09BF89393F5E}"
EndProject
Global
	GlobalSection(SolutionConfigurationPlatforms) = preSolution
		Debug|Any CPU = Debug|Any CPU
		Release|Any CPU = Release|Any CPU
	EndGlobalSection
	GlobalSection(ProjectConfigurationPlatforms) = postSolution
		{55A086B6-79EA-4717-94DD-09BF89393F5E}.Debug|Any CPU.ActiveCfg = Debug|Any CPU
		{55A086B6-79EA-4717-94DD-09BF89393F5E}.Debug|Any CPU.Build.0 = Debug|Any CPU
		{55A086B6-79EA-4717-94DD-09BF89393F5E}.Release|Any CPU.ActiveCfg = Release|Any CPU
		{55A086B6-79EA-4717-94DD-09BF89393F5E}.Release|Any CPU.Build.0 = Release|Any CPU
	EndGlobalSection
	GlobalSection(SolutionProperties) = preSolution
		HideSolutionNode = FALSE
	EndGlobalSection
	GlobalSection(ExtensibilityGlobals) = postSolution
		SolutionGuid = {7B7718D0-8592-4C19-B316-A3307FB1ABF4}
	EndGlobalSection
EndGlobal
